
Microsoft Visual Studio Solution File, Format Version 12.00
# Visual Studio Version 16
VisualStudioVersion = 16.0.31025.194
MinimumVisualStudioVersion = 10.0.40219.1
Project("{FAE04EC0-301F-11D3-BF4B-00C04F79EFBC}") = "Class Taxi", "Class Taxi\Class Taxi.csproj", "{4B19481A-EDA1-4EAD-8AF2-37AEF3BF913C}"
EndProject
Global
	GlobalSection(SolutionConfigurationPlatforms) = preSolution
		Debug|Any CPU = Debug|Any CPU
		Release|Any CPU = Release|Any CPU
	EndGlobalSection
	GlobalSection(ProjectConfigurationPlatforms) = postSolution
		{4B19481A-EDA1-4EAD-8AF2-37AEF3BF913C}.Debug|Any CPU.ActiveCfg = Debug|Any CPU
		{4B19481A-EDA1-4EAD-8AF2-37AEF3BF913C}.Debug|Any CPU.Build.0 = Debug|Any CPU
		{4B19481A-EDA1-4EAD-8AF2-37AEF3BF913C}.Release|Any CPU.ActiveCfg = Release|Any CPU
		{4B19481A-EDA1-4EAD-8AF2-37AEF3BF913C}.Release|Any CPU.Build.0 = Release|Any CPU
	EndGlobalSection
	GlobalSection(SolutionProperties) = preSolution
		HideSolutionNode = FALSE
	EndGlobalSection
	GlobalSection(ExtensibilityGlobals) = postSolution
		SolutionGuid = {EEF62604-BA4B-44CC-A241-E93E03D999D7}
	EndGlobalSection
EndGlobal
